
Microsoft Visual Studio Solution File, Format Version 12.00
# Visual Studio 15
VisualStudioVersion = 15.0.27703.2035
MinimumVisualStudioVersion = 10.0.40219.1
Project("{FAE04EC0-301F-11D3-BF4B-00C04F79EFBC}") = "NotifyPropertyChangedHW", "NotifyPropertyChangedHW\NotifyPropertyChangedHW.csproj", "{BBD20AA2-69B0-4085-93CC-EADF19FA0A6E}"
EndProject
Global
	GlobalSection(SolutionConfigurationPlatforms) = preSolution
		Debug|Any CPU = Debug|Any CPU
		Release|Any CPU = Release|Any CPU
	EndGlobalSection
	GlobalSection(ProjectConfigurationPlatforms) = postSolution
		{BBD20AA2-69B0-4085-93CC-EADF19FA0A6E}.Debug|Any CPU.ActiveCfg = Debug|Any CPU
		{BBD20AA2-69B0-4085-93CC-EADF19FA0A6E}.Debug|Any CPU.Build.0 = Debug|Any CPU
		{BBD20AA2-69B0-4085-93CC-EADF19FA0A6E}.Release|Any CPU.ActiveCfg = Release|Any CPU
		{BBD20AA2-69B0-4085-93CC-EADF19FA0A6E}.Release|Any CPU.Build.0 = Release|Any CPU
	EndGlobalSection
	GlobalSection(SolutionProperties) = preSolution
		HideSolutionNode = FALSE
	EndGlobalSection
	GlobalSection(ExtensibilityGlobals) = postSolution
		SolutionGuid = {9AB5203D-AE60-494F-97D2-31E1A64766EE}
	EndGlobalSection
EndGlobal
